
Microsoft Visual Studio Solution File, Format Version 12.00
# Visual Studio Version 17
VisualStudioVersion = 17.14.36301.6 d17.14
MinimumVisualStudioVersion = 10.0.40219.1
Project("{FAE04EC0-301F-11D3-BF4B-00C04F79EFBC}") = "Snake", "Snake\Snake.csproj", "{34AAE363-8EB4-4E77-9617-1255A0421259}"
EndProject
Global
	GlobalSection(SolutionConfigurationPlatforms) = preSolution
		Debug|Any CPU = Debug|Any CPU
		Release|Any CPU = Release|Any CPU
	EndGlobalSection
	GlobalSection(ProjectConfigurationPlatforms) = postSolution
		{34AAE363-8EB4-4E77-9617-1255A0421259}.Debug|Any CPU.ActiveCfg = Debug|Any CPU
		{34AAE363-8EB4-4E77-9617-1255A0421259}.Debug|Any CPU.Build.0 = Debug|Any CPU
		{34AAE363-8EB4-4E77-9617-1255A0421259}.Release|Any CPU.ActiveCfg = Release|Any CPU
		{34AAE363-8EB4-4E77-9617-1255A0421259}.Release|Any CPU.Build.0 = Release|Any CPU
	EndGlobalSection
	GlobalSection(SolutionProperties) = preSolution
		HideSolutionNode = FALSE
	EndGlobalSection
	GlobalSection(ExtensibilityGlobals) = postSolution
		SolutionGuid = {0A8BFCE4-A5B2-42EA-9985-3B69EA3C9475}
	EndGlobalSection
EndGlobal
